
Microsoft Visual Studio Solution File, Format Version 12.00
# Visual Studio Version 17
VisualStudioVersion = 17.5.002.0
MinimumVisualStudioVersion = 10.0.40219.1
Project("{9A19103F-16F7-4668-BE54-9A1E7A4F7556}") = "BurnAnalysisApp", "BurnAnalysisApp.csproj", "{14B54398-F74F-4D95-B1B1-4CF6A724AFFD}"
EndProject
Global
	GlobalSection(SolutionConfigurationPlatforms) = preSolution
		Debug|Any CPU = Debug|Any CPU
		Release|Any CPU = Release|Any CPU
	EndGlobalSection
	GlobalSection(ProjectConfigurationPlatforms) = postSolution
		{14B54398-F74F-4D95-B1B1-4CF6A724AFFD}.Debug|Any CPU.ActiveCfg = Debug|Any CPU
		{14B54398-F74F-4D95-B1B1-4CF6A724AFFD}.Debug|Any CPU.Build.0 = Debug|Any CPU
		{14B54398-F74F-4D95-B1B1-4CF6A724AFFD}.Release|Any CPU.ActiveCfg = Release|Any CPU
		{14B54398-F74F-4D95-B1B1-4CF6A724AFFD}.Release|Any CPU.Build.0 = Release|Any CPU
	EndGlobalSection
	GlobalSection(SolutionProperties) = preSolution
		HideSolutionNode = FALSE
	EndGlobalSection
	GlobalSection(ExtensibilityGlobals) = postSolution
		SolutionGuid = {F5A4FF61-3D54-4F38-8BEF-5F7D7295B9BD}
	EndGlobalSection
EndGlobal
